
Microsoft Visual Studio Solution File, Format Version 12.00
# Visual Studio 15
VisualStudioVersion = 15.0.28307.1022
MinimumVisualStudioVersion = 10.0.40219.1
Project("{FAE04EC0-301F-11D3-BF4B-00C04F79EFBC}") = "AntiVirusApp", "AntiVirusApp\AntiVirusApp.csproj", "{5A286EFC-30B5-4412-89EB-D2DF827B4DDE}"
EndProject
Global
	GlobalSection(SolutionConfigurationPlatforms) = preSolution
		Debug|Any CPU = Debug|Any CPU
		Release|Any CPU = Release|Any CPU
	EndGlobalSection
	GlobalSection(ProjectConfigurationPlatforms) = postSolution
		{5A286EFC-30B5-4412-89EB-D2DF827B4DDE}.Debug|Any CPU.ActiveCfg = Debug|Any CPU
		{5A286EFC-30B5-4412-89EB-D2DF827B4DDE}.Debug|Any CPU.Build.0 = Debug|Any CPU
		{5A286EFC-30B5-4412-89EB-D2DF827B4DDE}.Release|Any CPU.ActiveCfg = Release|Any CPU
		{5A286EFC-30B5-4412-89EB-D2DF827B4DDE}.Release|Any CPU.Build.0 = Release|Any CPU
	EndGlobalSection
	GlobalSection(SolutionProperties) = preSolution
		HideSolutionNode = FALSE
	EndGlobalSection
	GlobalSection(ExtensibilityGlobals) = postSolution
		SolutionGuid = {D6167826-E5F8-449E-B19D-279E454ED9F0}
	EndGlobalSection
EndGlobal
